{
  "version": 4,
  "terraform_version": "1.5.0",
  "serial": 1,
  "lineage": "test-lineage",
  "outputs": {},
  "resources": [
    {
      "module": "",
      "mode": "managed",
      "type": "aws_instance",
      "name": "web",
      "provider": "provider[\"registry.terraform.io/hashicorp/aws\"]",
      "instances": [
        {
          "index_key": 0,
          "schema_version": 1,
          "attributes": {
            "id": "i-0123456789abcdef0",
            "ami": "ami-0c55b159cbfafe1f0",
            "instance_type": "t2.micro",
            "tags": {
              "Name": "web-server",
              "Environment": "production",
              "ManagedBy": "terraform"
            },
            "tags_all": {
              "Name": "web-server",
              "Environment": "production",
              "ManagedBy": "terraform"
            },
            "private_ip": "10.0.1.10",
            "subnet_id": "subnet-01234567"
          },
          "attributes_flat": {
            "id": "i-0123456789abcdef0",
            "ami": "ami-0c55b159cbfafe1f0",
            "instance_type": "t2.micro",
            "tags.%": "3",
            "tags.Name": "web-server",
            "tags.Environment": "production",
            "tags.ManagedBy": "terraform",
            "private_ip": "10.0.1.10"
          },
          "sensitive_attributes": []
        },
        {
          "index_key": 1,
          "schema_version": 1,
          "attributes": {
            "id": "i-0123456789abcdef1",
            "ami": "ami-0c55b159cbfafe1f0",
            "instance_type": "t2.small",
            "tags": {
              "Name": "web-server-1",
              "Environment": "staging"
            },
            "tags_all": {
              "Name": "web-server-1",
              "Environment": "staging"
            },
            "private_ip": "10.0.1.11",
            "subnet_id": "subnet-01234567"
          },
          "attributes_flat": {
            "id": "i-0123456789abcdef1",
            "ami": "ami-0c55b159cbfafe1f0",
            "instance_type": "t2.small",
            "tags.%": "2",
            "tags.Name": "web-server-1",
            "tags.Environment": "staging",
            "private_ip": "10.0.1.11"
          },
          "sensitive_attributes": []
        }
      ]
    },
    {
      "module": "",
      "mode": "managed",
      "type": "aws_lb",
      "name": "orphan",
      "provider": "provider[\"registry.terraform.io/hashicorp/aws\"]",
      "instances": [
        {
          "schema_version": 1,
          "attributes": {
            "id": "lb-0123456789abcdef0",
            "name": "orphan-lb",
            "internal": false,
            "load_balancer_type": "application",
            "security_groups": ["sg-01234567"],
            "subnets": ["subnet-01234567", "subnet-76543210"],
            "tags": {
              "Name": "orphan-lb"
            }
          },
          "attributes_flat": {
            "id": "lb-0123456789abcdef0",
            "name": "orphan-lb",
            "internal": "false",
            "load_balancer_type": "application",
            "tags.%": "1",
            "tags.Name": "orphan-lb"
          },
          "sensitive_attributes": []
        }
      ]
    },
    {
      "module": "",
      "mode": "managed",
      "type": "aws_security_group",
      "name": "web",
      "provider": "provider[\"registry.terraform.io/hashicorp/aws\"]",
      "instances": [
        {
          "schema_version": 1,
          "attributes": {
            "id": "sg-01234567",
            "name": "web-sg",
            "description": "Web security group",
            "ingress": [
              {
                "from_port": 80,
                "to_port": 80,
                "protocol": "tcp",
                "cidr_blocks": ["0.0.0.0/0"]
              }
            ],
            "tags": {
              "Name": "web-sg"
            }
          },
          "sensitive_attributes": []
        }
      ]
    }
  ]
}
